
Microsoft Visual Studio Solution File, Format Version 12.00
# Visual Studio Version 17
VisualStudioVersion = 17.8.34525.116
MinimumVisualStudioVersion = 10.0.40219.1
Project("{FAE04EC0-301F-11D3-BF4B-00C04F79EFBC}") = "Mathfunctions", "Mathfunctions\Mathfunctions.csproj", "{5D2957FC-2160-4C65-A269-D954B6B713E5}"
EndProject
Global
	GlobalSection(SolutionConfigurationPlatforms) = preSolution
		Debug|Any CPU = Debug|Any CPU
		Release|Any CPU = Release|Any CPU
	EndGlobalSection
	GlobalSection(ProjectConfigurationPlatforms) = postSolution
		{5D2957FC-2160-4C65-A269-D954B6B713E5}.Debug|Any CPU.ActiveCfg = Debug|Any CPU
		{5D2957FC-2160-4C65-A269-D954B6B713E5}.Debug|Any CPU.Build.0 = Debug|Any CPU
		{5D2957FC-2160-4C65-A269-D954B6B713E5}.Release|Any CPU.ActiveCfg = Release|Any CPU
		{5D2957FC-2160-4C65-A269-D954B6B713E5}.Release|Any CPU.Build.0 = Release|Any CPU
	EndGlobalSection
	GlobalSection(SolutionProperties) = preSolution
		HideSolutionNode = FALSE
	EndGlobalSection
	GlobalSection(ExtensibilityGlobals) = postSolution
		SolutionGuid = {69964DAC-EEB1-4142-AF21-5560554457EB}
	EndGlobalSection
EndGlobal
